
Microsoft Visual Studio Solution File, Format Version 12.00
# Visual Studio Version 17
VisualStudioVersion = 17.7.34202.233
MinimumVisualStudioVersion = 10.0.40219.1
Project("{9A19103F-16F7-4668-BE54-9A1E7A4F7556}") = "Lab13", "Lab13.csproj", "{AFF94015-ACA0-4CFE-B848-60A50C828622}"
EndProject
Global
	GlobalSection(SolutionConfigurationPlatforms) = preSolution
		Debug|Any CPU = Debug|Any CPU
		Release|Any CPU = Release|Any CPU
	EndGlobalSection
	GlobalSection(ProjectConfigurationPlatforms) = postSolution
		{AFF94015-ACA0-4CFE-B848-60A50C828622}.Debug|Any CPU.ActiveCfg = Debug|Any CPU
		{AFF94015-ACA0-4CFE-B848-60A50C828622}.Debug|Any CPU.Build.0 = Debug|Any CPU
		{AFF94015-ACA0-4CFE-B848-60A50C828622}.Release|Any CPU.ActiveCfg = Release|Any CPU
		{AFF94015-ACA0-4CFE-B848-60A50C828622}.Release|Any CPU.Build.0 = Release|Any CPU
	EndGlobalSection
	GlobalSection(SolutionProperties) = preSolution
		HideSolutionNode = FALSE
	EndGlobalSection
	GlobalSection(ExtensibilityGlobals) = postSolution
		SolutionGuid = {8303F6B9-1716-4912-8925-0658F0D98396}
	EndGlobalSection
EndGlobal
